
Microsoft Visual Studio Solution File, Format Version 12.00
# Visual Studio Version 17
VisualStudioVersion = 17.14.37111.16 d17.14
MinimumVisualStudioVersion = 10.0.40219.1
Project("{FAE04EC0-301F-11D3-BF4B-00C04F79EFBC}") = "sale", "sale\sale.csproj", "{0B5B066E-4B60-4E36-B1A6-9E99A09046AB}"
EndProject
Global
	GlobalSection(SolutionConfigurationPlatforms) = preSolution
		Debug|Any CPU = Debug|Any CPU
		Release|Any CPU = Release|Any CPU
	EndGlobalSection
	GlobalSection(ProjectConfigurationPlatforms) = postSolution
		{0B5B066E-4B60-4E36-B1A6-9E99A09046AB}.Debug|Any CPU.ActiveCfg = Debug|Any CPU
		{0B5B066E-4B60-4E36-B1A6-9E99A09046AB}.Debug|Any CPU.Build.0 = Debug|Any CPU
		{0B5B066E-4B60-4E36-B1A6-9E99A09046AB}.Release|Any CPU.ActiveCfg = Release|Any CPU
		{0B5B066E-4B60-4E36-B1A6-9E99A09046AB}.Release|Any CPU.Build.0 = Release|Any CPU
	EndGlobalSection
	GlobalSection(SolutionProperties) = preSolution
		HideSolutionNode = FALSE
	EndGlobalSection
	GlobalSection(ExtensibilityGlobals) = postSolution
		SolutionGuid = {0ED905CA-9462-4F56-89C6-B986A7B7F14E}
	EndGlobalSection
EndGlobal
